// !$*UTF8*$!
{
	archiveVersion = 1;
	classes = {
	};
	objectVersion = 50;
	objects = {

/* Begin PBXBuildFile section */
		FCA300B427590AFD00C8BB67 /* weatApp.swift in Sources */ = {isa = PBXBuildFile; fileRef = FCA300B327590AFD00C8BB67 /* weatApp.swift */; };
		FCA300B627590AFD00C8BB67 /* ContentView.swift in Sources */ = {isa = PBXBuildFile; fileRef = FCA300B527590AFD00C8BB67 /* ContentView.swift */; };
		FCA300B827590B0000C8BB67 /* Assets.xcassets in Resources */ = {isa = PBXBuildFile; fileRef = FCA300B727590B0000C8BB67 /* Assets.xcassets */; };
		FCA300C427590B2A00C8BB67 /* WeatherService.swift in Sources */ = {isa = PBXBuildFile; fileRef = FCA300C327590B2A00C8BB67 /* WeatherService.swift */; };
		FCA300C727590B4400C8BB67 /* Weather.swift in Sources */ = {isa = PBXBuildFile; fileRef = FCA300C627590B4400C8BB67 /* Weather.swift */; };
		FCA300CA27590B5900C8BB67 /* WeatherViewModel.swift in Sources */ = {isa = PBXBuildFile; fileRef = FCA300C927590B5900C8BB67 /* WeatherViewModel.swift */; };
/* End PBXBuildFile section */

/* Begin PBXFileReference section */
		FCA300B027590AFD00C8BB67 /* weat.app */ = {isa = PBXFileReference; explicitFileType = wrapper.application; includeInIndex = 0; path = weat.app; sourceTree = BUILT_PRODUCTS_DIR; };
		FCA300B327590AFD00C8BB67 /* weatApp.swift */ = {isa = PBXFileReference; lastKnownFileType = sourcecode.swift; path = weatApp.swift; sourceTree = "<group>"; };
		FCA300B527590AFD00C8BB67 /* ContentView.swift */ = {isa = PBXFileReference; lastKnownFileType = sourcecode.swift; path = ContentView.swift; sourceTree = "<group>"; };
		FCA300B727590B0000C8BB67 /* Assets.xcassets */ = {isa = PBXFileReference; lastKnownFileType = folder.assetcatalog; path = Assets.xcassets; sourceTree = "<group>"; };
		FCA300BC27590B0000C8BB67 /* Info.plist */ = {isa = PBXFileReference; lastKnownFileType = text.plist.xml; path = Info.plist; sourceTree = "<group>"; };
		FCA300C327590B2A00C8BB67 /* WeatherService.swift */ = {isa = PBXFileReference; lastKnownFileType = sourcecode.swift; path = WeatherService.swift; sourceTree = "<group>"; };
		FCA300C627590B4400C8BB67 /* Weather.swift */ = {isa = PBXFileReference; lastKnownFileType = sourcecode.swift; path = Weather.swift; sourceTree = "<group>"; };
		FCA300C927590B5900C8BB67 /* WeatherViewModel.swift */ = {isa = PBXFileReference; lastKnownFileType = sourcecode.swift; path = WeatherViewModel.swift; sourceTree = "<group>"; };
/* End PBXFileReference section */

/* Begin PBXFrameworksBuildPhase section */
		FCA300AD27590AFD00C8BB67 /* Frameworks */ = {
			isa = PBXFrameworksBuildPhase;
			buildActionMask = 2147483647;
			files = (
			);
			runOnlyForDeploymentPostprocessing = 0;
		};
/* End PBXFrameworksBuildPhase section */

/* Begin PBXGroup section */
		FC2211D0276664AF000791CB /* App */ = {
			isa = PBXGroup;
			children = (
				FCA300B327590AFD00C8BB67 /* weatApp.swift */,
			);
			path = App;
			sourceTree = "<group>";
		};
		FC2211D62766658C000791CB /* Model */ = {
			isa = PBXGroup;
			children = (
				FCA300C627590B4400C8BB67 /* Weather.swift */,
			);
			path = Model;
			sourceTree = "<group>";
		};
		FC2211D727666598000791CB /* ViewModel */ = {
			isa = PBXGroup;
			children = (
				FCA300C927590B5900C8BB67 /* WeatherViewModel.swift */,
			);
			path = ViewModel;
			sourceTree = "<group>";
		};
		FC2211D9276665A3000791CB /* View */ = {
			isa = PBXGroup;
			children = (
				FCA300B527590AFD00C8BB67 /* ContentView.swift */,
			);
			path = View;
			sourceTree = "<group>";
		};
		FC2211DA276665B3000791CB /* Service */ = {
			isa = PBXGroup;
			children = (
				FCA300C327590B2A00C8BB67 /* WeatherService.swift */,
			);
			path = Service;
			sourceTree = "<group>";
		};
		FCA300A727590AFD00C8BB67 = {
			isa = PBXGroup;
			children = (
				FCA300B227590AFD00C8BB67 /* weat */,
				FCA300B127590AFD00C8BB67 /* Products */,
			);
			sourceTree = "<group>";
		};
		FCA300B127590AFD00C8BB67 /* Products */ = {
			isa = PBXGroup;
			children = (
				FCA300B027590AFD00C8BB67 /* weat.app */,
			);
			name = Products;
			sourceTree = "<group>";
		};
		FCA300B227590AFD00C8BB67 /* weat */ = {
			isa = PBXGroup;
			children = (
				FC2211D0276664AF000791CB /* App */,
				FC2211D62766658C000791CB /* Model */,
				FC2211D9276665A3000791CB /* View */,
				FC2211D727666598000791CB /* ViewModel */,
				FC2211DA276665B3000791CB /* Service */,
				FCA300B727590B0000C8BB67 /* Assets.xcassets */,
				FCA300BC27590B0000C8BB67 /* Info.plist */,
			);
			path = weat;
			sourceTree = "<group>";
		};
/* End PBXGroup section */

/* Begin PBXNativeTarget section */
		FCA300AF27590AFD00C8BB67 /* weat */ = {
			isa = PBXNativeTarget;
			buildConfigurationList = FCA300BF27590B0000C8BB67 /* Build configuration list for PBXNativeTarget "weat" */;
			buildPhases = (
				FCA300AC27590AFD00C8BB67 /* Sources */,
				FCA300AD27590AFD00C8BB67 /* Frameworks */,
				FCA300AE27590AFD00C8BB67 /* Resources */,
			);
			buildRules = (
			);
			dependencies = (
			);
			name = weat;
			productName = weat;
			productReference = FCA300B027590AFD00C8BB67 /* weat.app */;
			productType = "com.apple.product-type.application";
		};
/* End PBXNativeTarget section */

/* Begin PBXProject section */
		FCA300A827590AFD00C8BB67 /* Project object */ = {
			isa = PBXProject;
			attributes = {
				LastSwiftUpdateCheck = 1240;
				LastUpgradeCheck = 1240;
				TargetAttributes = {
					FCA300AF27590AFD00C8BB67 = {
						CreatedOnToolsVersion = 12.4;
					};
				};
			};
			buildConfigurationList = FCA300AB27590AFD00C8BB67 /* Build configuration list for PBXProject "weat" */;
			compatibilityVersion = "Xcode 9.3";
			developmentRegion = en;
			hasScannedForEncodings = 0;
			knownRegions = (
				en,
				Base,
			);
			mainGroup = FCA300A727590AFD00C8BB67;
			productRefGroup = FCA300B127590AFD00C8BB67 /* Products */;
			projectDirPath = "";
			projectRoot = "";
			targets = (
				FCA300AF27590AFD00C8BB67 /* weat */,
			);
		};
/* End PBXProject section */

/* Begin PBXResourcesBuildPhase section */
		FCA300AE27590AFD00C8BB67 /* Resources */ = {
			isa = PBXResourcesBuildPhase;
			buildActionMask = 2147483647;
			files = (
				FCA300B827590B0000C8BB67 /* Assets.xcassets in Resources */,
			);
			runOnlyForDeploymentPostprocessing = 0;
		};
/* End PBXResourcesBuildPhase section */

/* Begin PBXSourcesBuildPhase section */
		FCA300AC27590AFD00C8BB67 /* Sources */ = {
			isa = PBXSourcesBuildPhase;
			buildActionMask = 2147483647;
			files = (
				FCA300CA27590B5900C8BB67 /* WeatherViewModel.swift in Sources */,
				FCA300C727590B4400C8BB67 /* Weather.swift in Sources */,
				FCA300B627590AFD00C8BB67 /* ContentView.swift in Sources */,
				FCA300C427590B2A00C8BB67 /* WeatherService.swift in Sources */,
				FCA300B427590AFD00C8BB67 /* weatApp.swift in Sources */,
			);
			runOnlyForDeploymentPostprocessing = 0;
		};
/* End PBXSourcesBuildPhase section */

/* Begin XCBuildConfiguration section */
		FCA300BD27590B0000C8BB67 /* Debug */ = {
			isa = XCBuildConfiguration;
			buildSettings = {
				ALWAYS_SEARCH_USER_PATHS = NO;
				CLANG_ANALYZER_NONNULL = YES;
				CLANG_ANALYZER_NUMBER_OBJECT_CONVERSION = YES_AGGRESSIVE;
				CLANG_CXX_LANGUAGE_STANDARD = "gnu++14";
				CLANG_CXX_LIBRARY = "libc++";
				CLANG_ENABLE_MODULES = YES;
				CLANG_ENABLE_OBJC_ARC = YES;
				CLANG_ENABLE_OBJC_WEAK = YES;
				CLANG_WARN_BLOCK_CAPTURE_AUTORELEASING = YES;
				CLANG_WARN_BOOL_CONVERSION = YES;
				CLANG_WARN_COMMA = YES;
				CLANG_WARN_CONSTANT_CONVERSION = YES;
				CLANG_WARN_DEPRECATED_OBJC_IMPLEMENTATIONS = YES;
				CLANG_WARN_DIRECT_OBJC_ISA_USAGE = YES_ERROR;
				CLANG_WARN_DOCUMENTATION_COMMENTS = YES;
				CLANG_WARN_EMPTY_BODY = YES;
				CLANG_WARN_ENUM_CONVERSION = YES;
				CLANG_WARN_INFINITE_RECURSION = YES;
				CLANG_WARN_INT_CONVERSION = YES;
				CLANG_WARN_NON_LITERAL_NULL_CONVERSION = YES;
				CLANG_WARN_OBJC_IMPLICIT_RETAIN_SELF = YES;
				CLANG_WARN_OBJC_LITERAL_CONVERSION = YES;
				CLANG_WARN_OBJC_ROOT_CLASS = YES_ERROR;
				CLANG_WARN_QUOTED_INCLUDE_IN_FRAMEWORK_HEADER = YES;
				CLANG_WARN_RANGE_LOOP_ANALYSIS = YES;
				CLANG_WARN_STRICT_PROTOTYPES = YES;
				CLANG_WARN_SUSPICIOUS_MOVE = YES;
				CLANG_WARN_UNGUARDED_AVAILABILITY = YES_AGGRESSIVE;
				CLANG_WARN_UNREACHABLE_CODE = YES;
				CLANG_WARN__DUPLICATE_METHOD_MATCH = YES;
				COPY_PHASE_STRIP = NO;
				DEBUG_INFORMATION_FORMAT = dwarf;
				ENABLE_STRICT_OBJC_MSGSEND = YES;
				ENABLE_TESTABILITY = YES;
				GCC_C_LANGUAGE_STANDARD = gnu11;
				GCC_DYNAMIC_NO_PIC = NO;
				GCC_NO_COMMON_BLOCKS = YES;
				GCC_OPTIMIZATION_LEVEL = 0;
				GCC_PREPROCESSOR_DEFINITIONS = (
					"DEBUG=1",
					"$(inherited)",
				);
				GCC_WARN_64_TO_32_BIT_CONVERSION = YES;
				GCC_WARN_ABOUT_RETURN_TYPE = YES_ERROR;
				GCC_WARN_UNDECLARED_SELECTOR = YES;
				GCC_WARN_UNINITIALIZED_AUTOS = YES_AGGRESSIVE;
				GCC_WARN_UNUSED_FUNCTION = YES;
				GCC_WARN_UNUSED_VARIABLE = YES;
				IPHONEOS_DEPLOYMENT_TARGET = 14.4;
				MTL_ENABLE_DEBUG_INFO = INCLUDE_SOURCE;
				MTL_FAST_MATH = YES;
				ONLY_ACTIVE_ARCH = YES;
				SDKROOT = iphoneos;
				SWIFT_ACTIVE_COMPILATION_CONDITIONS = DEBUG;
				SWIFT_OPTIMIZATION_LEVEL = "-Onone";
			};
			name = Debug;
		};
		FCA300BE27590B0000C8BB67 /* Release */ = {
			isa = XCBuildConfiguration;
			buildSettings = {
				ALWAYS_SEARCH_USER_PATHS = NO;
				CLANG_ANALYZER_NONNULL = YES;
				CLANG_ANALYZER_NUMBER_OBJECT_CONVERSION = YES_AGGRESSIVE;
				CLANG_CXX_LANGUAGE_STANDARD = "gnu++14";
				CLANG_CXX_LIBRARY = "libc++";
				CLANG_ENABLE_MODULES = YES;
				CLANG_ENABLE_OBJC_ARC = YES;
				CLANG_ENABLE_OBJC_WEAK = YES;
				CLANG_WARN_BLOCK_CAPTURE_AUTORELEASING = YES;
				CLANG_WARN_BOOL_CONVERSION = YES;
				CLANG_WARN_COMMA = YES;
				CLANG_WARN_CONSTANT_CONVERSION = YES;
				CLANG_WARN_DEPRECATED_OBJC_IMPLEMENTATIONS = YES;
				CLANG_WARN_DIRECT_OBJC_ISA_USAGE = YES_ERROR;
				CLANG_WARN_DOCUMENTATION_COMMENTS = YES;
				CLANG_WARN_EMPTY_BODY = YES;
				CLANG_WARN_ENUM_CONVERSION = YES;
				CLANG_WARN_INFINITE_RECURSION = YES;
				CLANG_WARN_INT_CONVERSION = YES;
				CLANG_WARN_NON_LITERAL_NULL_CONVERSION = YES;
				CLANG_WARN_OBJC_IMPLICIT_RETAIN_SELF = YES;
				CLANG_WARN_OBJC_LITERAL_CONVERSION = YES;
				CLANG_WARN_OBJC_ROOT_CLASS = YES_ERROR;
				CLANG_WARN_QUOTED_INCLUDE_IN_FRAMEWORK_HEADER = YES;
				CLANG_WARN_RANGE_LOOP_ANALYSIS = YES;
				CLANG_WARN_STRICT_PROTOTYPES = YES;
				CLANG_WARN_SUSPICIOUS_MOVE = YES;
				CLANG_WARN_UNGUARDED_AVAILABILITY = YES_AGGRESSIVE;
				CLANG_WARN_UNREACHABLE_CODE = YES;
				CLANG_WARN__DUPLICATE_METHOD_MATCH = YES;
				COPY_PHASE_STRIP = NO;
				DEBUG_INFORMATION_FORMAT = "dwarf-with-dsym";
				ENABLE_NS_ASSERTIONS = NO;
				ENABLE_STRICT_OBJC_MSGSEND = YES;
				GCC_C_LANGUAGE_STANDARD = gnu11;
				GCC_NO_COMMON_BLOCKS = YES;
				GCC_WARN_64_TO_32_BIT_CONVERSION = YES;
				GCC_WARN_ABOUT_RETURN_TYPE = YES_ERROR;
				GCC_WARN_UNDECLARED_SELECTOR = YES;
				GCC_WARN_UNINITIALIZED_AUTOS = YES_AGGRESSIVE;
				GCC_WARN_UNUSED_FUNCTION = YES;
				GCC_WARN_UNUSED_VARIABLE = YES;
				IPHONEOS_DEPLOYMENT_TARGET = 14.4;
				MTL_ENABLE_DEBUG_INFO = NO;
				MTL_FAST_MATH = YES;
				SDKROOT = iphoneos;
				SWIFT_COMPILATION_MODE = wholemodule;
				SWIFT_OPTIMIZATION_LEVEL = "-O";
				VALIDATE_PRODUCT = YES;
			};
			name = Release;
		};
		FCA300C027590B0000C8BB67 /* Debug */ = {
			isa = XCBuildConfiguration;
			buildSettings = {
				ASSETCATALOG_COMPILER_APPICON_NAME = AppIcon;
				ASSETCATALOG_COMPILER_GLOBAL_ACCENT_COLOR_NAME = AccentColor;
				CODE_SIGN_STYLE = Automatic;
				DEVELOPMENT_TEAM = X272L3SJN4;
				ENABLE_PREVIEWS = YES;
				INFOPLIST_FILE = weat/Info.plist;
				IPHONEOS_DEPLOYMENT_TARGET = 14.0;
				LD_RUNPATH_SEARCH_PATHS = (
					"$(inherited)",
					"@executable_path/Frameworks",
				);
				PRODUCT_BUNDLE_IDENTIFIER = com.ttestt.weat;
				PRODUCT_NAME = "$(TARGET_NAME)";
				SWIFT_VERSION = 5.0;
				TARGETED_DEVICE_FAMILY = "1,2";
			};
			name = Debug;
		};
		FCA300C127590B0000C8BB67 /* Release */ = {
			isa = XCBuildConfiguration;
			buildSettings = {
				ASSETCATALOG_COMPILER_APPICON_NAME = AppIcon;
				ASSETCATALOG_COMPILER_GLOBAL_ACCENT_COLOR_NAME = AccentColor;
				CODE_SIGN_STYLE = Automatic;
				DEVELOPMENT_TEAM = X272L3SJN4;
				ENABLE_PREVIEWS = YES;
				INFOPLIST_FILE = weat/Info.plist;
				IPHONEOS_DEPLOYMENT_TARGET = 14.0;
				LD_RUNPATH_SEARCH_PATHS = (
					"$(inherited)",
					"@executable_path/Frameworks",
				);
				PRODUCT_BUNDLE_IDENTIFIER = com.ttestt.weat;
				PRODUCT_NAME = "$(TARGET_NAME)";
				SWIFT_VERSION = 5.0;
				TARGETED_DEVICE_FAMILY = "1,2";
			};
			name = Release;
		};
/* End XCBuildConfiguration section */

/* Begin XCConfigurationList section */
		FCA300AB27590AFD00C8BB67 /* Build configuration list for PBXProject "weat" */ = {
			isa = XCConfigurationList;
			buildConfigurations = (
				FCA300BD27590B0000C8BB67 /* Debug */,
				FCA300BE27590B0000C8BB67 /* Release */,
			);
			defaultConfigurationIsVisible = 0;
			defaultConfigurationName = Release;
		};
		FCA300BF27590B0000C8BB67 /* Build configuration list for PBXNativeTarget "weat" */ = {
			isa = XCConfigurationList;
			buildConfigurations = (
				FCA300C027590B0000C8BB67 /* Debug */,
				FCA300C127590B0000C8BB67 /* Release */,
			);
			defaultConfigurationIsVisible = 0;
			defaultConfigurationName = Release;
		};
/* End XCConfigurationList section */
	};
	rootObject = FCA300A827590AFD00C8BB67 /* Project object */;
}
